
Microsoft Visual Studio Solution File, Format Version 12.00
# Visual Studio 15
VisualStudioVersion = 15.0.27703.2000
MinimumVisualStudioVersion = 10.0.40219.1
Project("{FAE04EC0-301F-11D3-BF4B-00C04F79EFBC}") = "Fylgja.Core", "Fylgja.Core\Fylgja.Core.csproj", "{79DE9F9A-97A6-4005-8C2D-FC624B413AF9}"
EndProject
Project("{2150E333-8FDC-42A3-9474-1A3956D46DE8}") = "Solution Items", "Solution Items", "{4933B008-CA8D-4CCC-A964-F338D8326D8B}"
	ProjectSection(SolutionItems) = preProject
		.gitattributes = .gitattributes
		.gitignore = .gitignore
		LICENSE = LICENSE
		README.md = README.md
	EndProjectSection
EndProject
Global
	GlobalSection(SolutionConfigurationPlatforms) = preSolution
		Debug|Any CPU = Debug|Any CPU
		Release|Any CPU = Release|Any CPU
	EndGlobalSection
	GlobalSection(ProjectConfigurationPlatforms) = postSolution
		{79DE9F9A-97A6-4005-8C2D-FC624B413AF9}.Debug|Any CPU.ActiveCfg = Debug|Any CPU
		{79DE9F9A-97A6-4005-8C2D-FC624B413AF9}.Debug|Any CPU.Build.0 = Debug|Any CPU
		{79DE9F9A-97A6-4005-8C2D-FC624B413AF9}.Release|Any CPU.ActiveCfg = Release|Any CPU
		{79DE9F9A-97A6-4005-8C2D-FC624B413AF9}.Release|Any CPU.Build.0 = Release|Any CPU
	EndGlobalSection
	GlobalSection(SolutionProperties) = preSolution
		HideSolutionNode = FALSE
	EndGlobalSection
	GlobalSection(ExtensibilityGlobals) = postSolution
		SolutionGuid = {EAAF2207-7ADF-4CE9-8F23-DEB101E5157F}
	EndGlobalSection
EndGlobal
